<?xml version="1.0" encoding="utf-8"?>
<Project ToolsVersion="4.0" xmlns="http://schemas.microsoft.com/developer/msbuild/2003">
  <ItemGroup>
    <Filter Include="리소스 파일">
      <UniqueIdentifier>{67DA6AB6-F800-4c08-8B7A-83BB121AAD01}</UniqueIdentifier>
      <Extensions>rc;ico;cur;bmp;dlg;rc2;rct;bin;rgs;gif;jpg;jpeg;jpe;resx;tiff;tif;png;wav;mfcribbon-ms</Extensions>
    </Filter>
    <Filter Include="WinApi">
      <UniqueIdentifier>{c526c0c2-f26d-43cd-a0b6-3bf1825a7e83}</UniqueIdentifier>
    </Filter>
    <Filter Include="Game">
      <UniqueIdentifier>{e1e1b887-bb9d-4090-972d-56e95bce2c8c}</UniqueIdentifier>
    </Filter>
    <Filter Include="Scene">
      <UniqueIdentifier>{96e82600-7a95-4729-8398-14d7def8d0c1}</UniqueIdentifier>
    </Filter>
    <Filter Include="GameObject">
      <UniqueIdentifier>{bed96a63-d6c8-4b94-8fa0-4ffe76287cd7}</UniqueIdentifier>
    </Filter>
    <Filter Include="Components">
      <UniqueIdentifier>{97368b03-0628-437f-a435-85fe4b253709}</UniqueIdentifier>
    </Filter>
    <Filter Include="Game\Ability\Boss">
      <UniqueIdentifier>{a1b2c3d4-1234-5678-9abc-def012345678}</UniqueIdentifier>
    </Filter>
    <Filter Include="Game\Object\Character">
      <UniqueIdentifier>{b2c3d4e5-2345-6789-abcd-ef0123456789}</UniqueIdentifier>
    </Filter>
    <Filter Include="Game\Object\Projectile">
      <UniqueIdentifier>{c3d4e5f6-3456-789a-bcde-f01234567890}</UniqueIdentifier>
    </Filter>
    <Filter Include="Game\Object\Hazard">
      <UniqueIdentifier>{d4e5f6a7-4567-89ab-cdef-012345678901}</UniqueIdentifier>
    </Filter>
    <Filter Include="Game\Data">
      <UniqueIdentifier>{e5f6a7b8-5678-9abc-def0-123456789012}</UniqueIdentifier>
    </Filter>
  </ItemGroup>
  <ItemGroup>
    <ClInclude Include="WinApi.h">
      <Filter>WinApi</Filter>
    </ClInclude>
    <ClInclude Include="framework.h">
      <Filter>WinApi</Filter>
    </ClInclude>
    <ClInclude Include="pch.h">
      <Filter>WinApi</Filter>
    </ClInclude>
    <ClInclude Include="Resource.h">
      <Filter>WinApi</Filter>
    </ClInclude>
    <ClInclude Include="targetver.h">
      <Filter>WinApi</Filter>
    </ClInclude>
    <ClInclude Include="CGame.h">
      <Filter>Game</Filter>
    </ClInclude>
    <ClInclude Include="CSceneStage01.h">
      <Filter>Scene</Filter>
    </ClInclude>
    <ClInclude Include="CSceneTitle.h">
      <Filter>Scene</Filter>
    </ClInclude>
    <ClInclude Include="Enum.h">
      <Filter>Game</Filter>
    </ClInclude>
    <ClInclude Include="CPlayer.h">
      <Filter>GameObject</Filter>
    </ClInclude>
    <ClInclude Include="CMissile.h">
      <Filter>GameObject</Filter>
    </ClInclude>
    <ClInclude Include="CWeapon.h">
      <Filter>GameObject</Filter>
    </ClInclude>
    <ClInclude Include="CMonster.h">
      <Filter>GameObject</Filter>
    </ClInclude>
    <ClInclude Include="CCameraController.h">
      <Filter>GameObject</Filter>
    </ClInclude>
    <ClInclude Include="CSoundController.h">
      <Filter>GameObject</Filter>
    </ClInclude>
    <ClInclude Include="CSceneTest01.h" />
    <ClInclude Include="CGround.h">
      <Filter>GameObject</Filter>
    </ClInclude>
    <ClInclude Include="CComboSystem.h">
      <Filter>Components</Filter>
    </ClInclude>
    <ClInclude Include="Game\Ability\Boss\Ability_BossSlash.h">
      <Filter>Game\Ability\Boss</Filter>
    </ClInclude>
    <ClInclude Include="Game\Ability\Boss\Ability_BossSpit.h">
      <Filter>Game\Ability\Boss</Filter>
    </ClInclude>
    <ClInclude Include="Game\Ability\Boss\Ability_BossStomp.h">
      <Filter>Game\Ability\Boss</Filter>
    </ClInclude>
    <ClInclude Include="Game\Ability\Boss\Ability_BossGroundSmash.h">
      <Filter>Game\Ability\Boss</Filter>
    </ClInclude>
    <ClInclude Include="Game\Component\CBossAIController.h">
      <Filter>Components</Filter>
    </ClInclude>
    <ClInclude Include="Game\Component\AIControllerBase.h">
      <Filter>Components</Filter>
    </ClInclude>
    <ClInclude Include="Game\Object\Character\CBoss.h">
      <Filter>Game\Object\Character</Filter>
    </ClInclude>
    <ClInclude Include="Game\Object\Character\CBoss_TenPiedad.h">
      <Filter>Game\Object\Character</Filter>
    </ClInclude>
    <ClInclude Include="Game\Object\Projectile\CProjectile.h">
      <Filter>Game\Object\Projectile</Filter>
    </ClInclude>
    <ClInclude Include="Game\Object\Projectile\CProjectile_Spit.h">
      <Filter>Game\Object\Projectile</Filter>
    </ClInclude>
    <ClInclude Include="Game\Object\Hazard\CHazard.h">
      <Filter>Game\Object\Hazard</Filter>
    </ClInclude>
    <ClInclude Include="Game\Object\Hazard\CHazard_Vine.h">
      <Filter>Game\Object\Hazard</Filter>
    </ClInclude>
    <ClInclude Include="Game\Object\Hazard\CHazard_Spike.h">
      <Filter>Game\Object\Hazard</Filter>
    </ClInclude>
    <ClInclude Include="Game\Data\ResourceData.h">
      <Filter>Game\Data</Filter>
    </ClInclude>
    <ClInclude Include="Game\Data\PlayerAnimData.h">
      <Filter>Game\Data</Filter>
    </ClInclude>
    <ClInclude Include="Game\Data\BossAnimData.h">
      <Filter>Game\Data</Filter>
    </ClInclude>
    <ClInclude Include="Game\Data\EnemyAnimData.h">
      <Filter>Game\Data</Filter>
    </ClInclude>
    <ClInclude Include="Game\Data\SFXData.h">
      <Filter>Game\Data</Filter>
    </ClInclude>
    <ClInclude Include="Game\Data\VFXData.h">
      <Filter>Game\Data</Filter>
    </ClInclude>
  </ItemGroup>
  <ItemGroup>
    <ClCompile Include="WinApi.cpp">
      <Filter>WinApi</Filter>
    </ClCompile>
    <ClCompile Include="pch.cpp">
      <Filter>WinApi</Filter>
    </ClCompile>
    <ClCompile Include="CGame.cpp">
      <Filter>Game</Filter>
    </ClCompile>
    <ClCompile Include="CSceneStage01.cpp">
      <Filter>Scene</Filter>
    </ClCompile>
    <ClCompile Include="CSceneTitle.cpp">
      <Filter>Scene</Filter>
    </ClCompile>
    <ClCompile Include="CPlayer.cpp">
      <Filter>GameObject</Filter>
    </ClCompile>
    <ClCompile Include="CMissile.cpp">
      <Filter>GameObject</Filter>
    </ClCompile>
    <ClCompile Include="CWeapon.cpp">
      <Filter>GameObject</Filter>
    </ClCompile>
    <ClCompile Include="CMonster.cpp">
      <Filter>GameObject</Filter>
    </ClCompile>
    <ClCompile Include="CCameraController.cpp">
      <Filter>GameObject</Filter>
    </ClCompile>
    <ClCompile Include="CSoundController.cpp">
      <Filter>GameObject</Filter>
    </ClCompile>
    <ClCompile Include="CSceneTest01.cpp" />
    <ClCompile Include="CGround.cpp">
      <Filter>GameObject</Filter>
    </ClCompile>
    <ClCompile Include="CComboSystem.cpp">
      <Filter>Components</Filter>
    </ClCompile>
    <ClCompile Include="Game\Ability\Boss\Ability_BossSlash.cpp">
      <Filter>Game\Ability\Boss</Filter>
    </ClCompile>
    <ClCompile Include="Game\Ability\Boss\Ability_BossSpit.cpp">
      <Filter>Game\Ability\Boss</Filter>
    </ClCompile>
    <ClCompile Include="Game\Ability\Boss\Ability_BossStomp.cpp">
      <Filter>Game\Ability\Boss</Filter>
    </ClCompile>
    <ClCompile Include="Game\Ability\Boss\Ability_BossGroundSmash.cpp">
      <Filter>Game\Ability\Boss</Filter>
    </ClCompile>
    <ClCompile Include="Game\Component\CBossAIController.cpp">
      <Filter>Components</Filter>
    </ClCompile>
    <ClCompile Include="Game\Component\AIControllerBase.cpp">
      <Filter>Components</Filter>
    </ClCompile>
    <ClCompile Include="Game\Object\Character\CBoss.cpp">
      <Filter>Game\Object\Character</Filter>
    </ClCompile>
    <ClCompile Include="Game\Object\Character\CBoss_TenPiedad.cpp">
      <Filter>Game\Object\Character</Filter>
    </ClCompile>
    <ClCompile Include="Game\Object\Projectile\CProjectile.cpp">
      <Filter>Game\Object\Projectile</Filter>
    </ClCompile>
    <ClCompile Include="Game\Object\Projectile\CProjectile_Spit.cpp">
      <Filter>Game\Object\Projectile</Filter>
    </ClCompile>
    <ClCompile Include="Game\Object\Hazard\CHazard.cpp">
      <Filter>Game\Object\Hazard</Filter>
    </ClCompile>
    <ClCompile Include="Game\Object\Hazard\CHazard_Vine.cpp">
      <Filter>Game\Object\Hazard</Filter>
    </ClCompile>
    <ClCompile Include="Game\Object\Hazard\CHazard_Spike.cpp">
      <Filter>Game\Object\Hazard</Filter>
    </ClCompile>
    <ClCompile Include="Game\Data\PlayerAnimData.cpp">
      <Filter>Game\Data</Filter>
    </ClCompile>
    <ClCompile Include="Game\Data\BossAnimData.cpp">
      <Filter>Game\Data</Filter>
    </ClCompile>
    <ClCompile Include="Game\Data\EnemyAnimData.cpp">
      <Filter>Game\Data</Filter>
    </ClCompile>
    <ClCompile Include="Game\Data\SFXData.cpp">
      <Filter>Game\Data</Filter>
    </ClCompile>
    <ClCompile Include="Game\Data\VFXData.cpp">
      <Filter>Game\Data</Filter>
    </ClCompile>
  </ItemGroup>
  <ItemGroup>
    <ResourceCompile Include="WinApi.rc">
      <Filter>리소스 파일</Filter>
    </ResourceCompile>
  </ItemGroup>
  <ItemGroup>
    <Image Include="small.ico">
      <Filter>리소스 파일</Filter>
    </Image>
    <Image Include="WinApi.ico">
      <Filter>리소스 파일</Filter>
    </Image>
  </ItemGroup>
</Project>